// !$*UTF8*$!
{
	archiveVersion = 1;
	classes = {
	};
	objectVersion = 77;
	objects = {

/* Begin PBXBuildFile section */
		673875552DA6797B002434D0 /* HeroesBuilder.swift in Sources */ = {isa = PBXBuildFile; fileRef = 673875542DA67977002434D0 /* HeroesBuilder.swift */; };
		673875592DA67C70002434D0 /* HeroDetailController.swift in Sources */ = {isa = PBXBuildFile; fileRef = 673875572DA67C70002434D0 /* HeroDetailController.swift */; };
		6738755A2DA67C70002434D0 /* HeroDetailController.xib in Resources */ = {isa = PBXBuildFile; fileRef = 673875582DA67C70002434D0 /* HeroDetailController.xib */; };
		6738755E2DA67D5C002434D0 /* HeroDetailUseCase.swift in Sources */ = {isa = PBXBuildFile; fileRef = 6738755D2DA67D58002434D0 /* HeroDetailUseCase.swift */; };
		673875612DA687EE002434D0 /* HeroAnnotation.swift in Sources */ = {isa = PBXBuildFile; fileRef = 673875602DA687EB002434D0 /* HeroAnnotation.swift */; };
		673875632DA687F8002434D0 /* HeroAnnotationView.swift in Sources */ = {isa = PBXBuildFile; fileRef = 673875622DA687F4002434D0 /* HeroAnnotationView.swift */; };
		673875652DA68885002434D0 /* HeroDetailViewModel.swift in Sources */ = {isa = PBXBuildFile; fileRef = 673875642DA68885002434D0 /* HeroDetailViewModel.swift */; };
		673875672DA694A1002434D0 /* HeroDetailBuilder.swift in Sources */ = {isa = PBXBuildFile; fileRef = 673875662DA6949C002434D0 /* HeroDetailBuilder.swift */; };
		674FB9412DA51D90005ED563 /* HeroesController.swift in Sources */ = {isa = PBXBuildFile; fileRef = 674FB9402DA51D8C005ED563 /* HeroesController.swift */; };
		674FB9432DA51DA2005ED563 /* HeroesController.xib in Resources */ = {isa = PBXBuildFile; fileRef = 674FB9422DA51DA2005ED563 /* HeroesController.xib */; };
		674FB9492DA52B33005ED563 /* HeroesUseCase.swift in Sources */ = {isa = PBXBuildFile; fileRef = 674FB9482DA52B30005ED563 /* HeroesUseCase.swift */; };
		674FB94D2DA52FAD005ED563 /* Hero.swift in Sources */ = {isa = PBXBuildFile; fileRef = 674FB94C2DA52FAC005ED563 /* Hero.swift */; };
		674FB94F2DA52FB5005ED563 /* HeroLocation.swift in Sources */ = {isa = PBXBuildFile; fileRef = 674FB94E2DA52FB0005ED563 /* HeroLocation.swift */; };
		674FB9512DA536EC005ED563 /* HeroesViewModel.swift in Sources */ = {isa = PBXBuildFile; fileRef = 674FB9502DA536EC005ED563 /* HeroesViewModel.swift */; };
		674FB9552DA53805005ED563 /* HeroCell.swift in Sources */ = {isa = PBXBuildFile; fileRef = 674FB9532DA53805005ED563 /* HeroCell.swift */; };
		674FB9562DA53805005ED563 /* HeroCell.xib in Resources */ = {isa = PBXBuildFile; fileRef = 674FB9542DA53805005ED563 /* HeroCell.xib */; };
		6777963A2DA3D96100103334 /* Assets.xcassets in Resources */ = {isa = PBXBuildFile; fileRef = 677796342DA3D96100103334 /* Assets.xcassets */; };
		6777963C2DA3D96100103334 /* LaunchScreen.storyboard in Resources */ = {isa = PBXBuildFile; fileRef = 677796372DA3D96100103334 /* LaunchScreen.storyboard */; };
		6777963D2DA3D96100103334 /* AppDelegate.swift in Sources */ = {isa = PBXBuildFile; fileRef = 677796332DA3D96100103334 /* AppDelegate.swift */; };
		6777963E2DA3D96100103334 /* SceneDelegate.swift in Sources */ = {isa = PBXBuildFile; fileRef = 677796382DA3D96100103334 /* SceneDelegate.swift */; };
		677796492DA3E0C000103334 /* SplashController.xib in Resources */ = {isa = PBXBuildFile; fileRef = 677796482DA3E0C000103334 /* SplashController.xib */; };
		6777964B2DA3E0C800103334 /* SplashController.swift in Sources */ = {isa = PBXBuildFile; fileRef = 6777964A2DA3E0C800103334 /* SplashController.swift */; };
		677796512DA3E37500103334 /* MOHero.swift in Sources */ = {isa = PBXBuildFile; fileRef = 677796502DA3E37300103334 /* MOHero.swift */; };
		677796532DA3E37A00103334 /* MOHeroLocation.swift in Sources */ = {isa = PBXBuildFile; fileRef = 677796522DA3E37700103334 /* MOHeroLocation.swift */; };
		677796552DA3E38800103334 /* StoreSwiftDataProvider.swift in Sources */ = {isa = PBXBuildFile; fileRef = 677796542DA3E37D00103334 /* StoreSwiftDataProvider.swift */; };
		677796582DA3EE5000103334 /* RequestBuilder.swift in Sources */ = {isa = PBXBuildFile; fileRef = 677796572DA3EE5000103334 /* RequestBuilder.swift */; };
		6777965A2DA3EE5700103334 /* ApiProvider.swift in Sources */ = {isa = PBXBuildFile; fileRef = 677796592DA3EE5700103334 /* ApiProvider.swift */; };
		6777965C2DA3EE6600103334 /* GAFError.swift in Sources */ = {isa = PBXBuildFile; fileRef = 6777965B2DA3EE5A00103334 /* GAFError.swift */; };
		6777965E2DA3EE7000103334 /* GAFEndopoint.swift in Sources */ = {isa = PBXBuildFile; fileRef = 6777965D2DA3EE7000103334 /* GAFEndopoint.swift */; };
		677796602DA3EE7900103334 /* APIHero.swift in Sources */ = {isa = PBXBuildFile; fileRef = 6777965F2DA3EE7600103334 /* APIHero.swift */; };
		677796622DA3EE7E00103334 /* APIHeroLocation.swift in Sources */ = {isa = PBXBuildFile; fileRef = 677796612DA3EE7C00103334 /* APIHeroLocation.swift */; };
		677796642DA3F02A00103334 /* SecureDataProvider.swift in Sources */ = {isa = PBXBuildFile; fileRef = 677796632DA3F02600103334 /* SecureDataProvider.swift */; };
		677796682DA3F22000103334 /* KeychainSwift in Frameworks */ = {isa = PBXBuildFile; productRef = 677796672DA3F22000103334 /* KeychainSwift */; };
		6777966A2DA451C300103334 /* SplashBuilder.swift in Sources */ = {isa = PBXBuildFile; fileRef = 677796692DA451C000103334 /* SplashBuilder.swift */; };
		6777966C2DA451CB00103334 /* SplashViewModel.swift in Sources */ = {isa = PBXBuildFile; fileRef = 6777966B2DA451C700103334 /* SplashViewModel.swift */; };
		677796712DA453FE00103334 /* LoginController.xib in Resources */ = {isa = PBXBuildFile; fileRef = 677796702DA453FE00103334 /* LoginController.xib */; };
		677796722DA453FE00103334 /* LoginController.swift in Sources */ = {isa = PBXBuildFile; fileRef = 6777966F2DA453FE00103334 /* LoginController.swift */; };
		677796742DA455F000103334 /* Binding.swift in Sources */ = {isa = PBXBuildFile; fileRef = 677796732DA455EE00103334 /* Binding.swift */; };
		677796E72DA4582B00103334 /* LoginUseCase.swift in Sources */ = {isa = PBXBuildFile; fileRef = 677796E62DA4582800103334 /* LoginUseCase.swift */; };
		677796E92DA46F7C00103334 /* LoginResponseDTO.swift in Sources */ = {isa = PBXBuildFile; fileRef = 677796E82DA46F6C00103334 /* LoginResponseDTO.swift */; };
		677796EB2DA4741E00103334 /* LoginViewModel.swift in Sources */ = {isa = PBXBuildFile; fileRef = 677796EA2DA4741E00103334 /* LoginViewModel.swift */; };
		677796ED2DA4769700103334 /* LoginBuilder.swift in Sources */ = {isa = PBXBuildFile; fileRef = 677796EC2DA4769700103334 /* LoginBuilder.swift */; };
/* End PBXBuildFile section */

/* Begin PBXContainerItemProxy section */
		677796162DA3D8E400103334 /* PBXContainerItemProxy */ = {
			isa = PBXContainerItemProxy;
			containerPortal = 677795F72DA3D8E400103334 /* Project object */;
			proxyType = 1;
			remoteGlobalIDString = 677795FE2DA3D8E400103334;
			remoteInfo = iOS_Avanzado_Alvaro;
		};
		677796202DA3D8E400103334 /* PBXContainerItemProxy */ = {
			isa = PBXContainerItemProxy;
			containerPortal = 677795F72DA3D8E400103334 /* Project object */;
			proxyType = 1;
			remoteGlobalIDString = 677795FE2DA3D8E400103334;
			remoteInfo = iOS_Avanzado_Alvaro;
		};
/* End PBXContainerItemProxy section */

/* Begin PBXFileReference section */
		673875542DA67977002434D0 /* HeroesBuilder.swift */ = {isa = PBXFileReference; lastKnownFileType = sourcecode.swift; path = HeroesBuilder.swift; sourceTree = "<group>"; };
		673875572DA67C70002434D0 /* HeroDetailController.swift */ = {isa = PBXFileReference; lastKnownFileType = sourcecode.swift; path = HeroDetailController.swift; sourceTree = "<group>"; };
		673875582DA67C70002434D0 /* HeroDetailController.xib */ = {isa = PBXFileReference; lastKnownFileType = file.xib; path = HeroDetailController.xib; sourceTree = "<group>"; };
		6738755D2DA67D58002434D0 /* HeroDetailUseCase.swift */ = {isa = PBXFileReference; lastKnownFileType = sourcecode.swift; path = HeroDetailUseCase.swift; sourceTree = "<group>"; };
		673875602DA687EB002434D0 /* HeroAnnotation.swift */ = {isa = PBXFileReference; lastKnownFileType = sourcecode.swift; path = HeroAnnotation.swift; sourceTree = "<group>"; };
		673875622DA687F4002434D0 /* HeroAnnotationView.swift */ = {isa = PBXFileReference; lastKnownFileType = sourcecode.swift; path = HeroAnnotationView.swift; sourceTree = "<group>"; };
		673875642DA68885002434D0 /* HeroDetailViewModel.swift */ = {isa = PBXFileReference; lastKnownFileType = sourcecode.swift; path = HeroDetailViewModel.swift; sourceTree = "<group>"; };
		673875662DA6949C002434D0 /* HeroDetailBuilder.swift */ = {isa = PBXFileReference; lastKnownFileType = sourcecode.swift; path = HeroDetailBuilder.swift; sourceTree = "<group>"; };
		674FB9402DA51D8C005ED563 /* HeroesController.swift */ = {isa = PBXFileReference; lastKnownFileType = sourcecode.swift; path = HeroesController.swift; sourceTree = "<group>"; };
		674FB9422DA51DA2005ED563 /* HeroesController.xib */ = {isa = PBXFileReference; lastKnownFileType = file.xib; path = HeroesController.xib; sourceTree = "<group>"; };
		674FB9482DA52B30005ED563 /* HeroesUseCase.swift */ = {isa = PBXFileReference; lastKnownFileType = sourcecode.swift; path = HeroesUseCase.swift; sourceTree = "<group>"; };
		674FB94C2DA52FAC005ED563 /* Hero.swift */ = {isa = PBXFileReference; lastKnownFileType = sourcecode.swift; path = Hero.swift; sourceTree = "<group>"; };
		674FB94E2DA52FB0005ED563 /* HeroLocation.swift */ = {isa = PBXFileReference; lastKnownFileType = sourcecode.swift; path = HeroLocation.swift; sourceTree = "<group>"; };
		674FB9502DA536EC005ED563 /* HeroesViewModel.swift */ = {isa = PBXFileReference; lastKnownFileType = sourcecode.swift; path = HeroesViewModel.swift; sourceTree = "<group>"; };
		674FB9532DA53805005ED563 /* HeroCell.swift */ = {isa = PBXFileReference; lastKnownFileType = sourcecode.swift; path = HeroCell.swift; sourceTree = "<group>"; };
		674FB9542DA53805005ED563 /* HeroCell.xib */ = {isa = PBXFileReference; lastKnownFileType = file.xib; path = HeroCell.xib; sourceTree = "<group>"; };
		677795FF2DA3D8E400103334 /* iOS_Avanzado_Alvaro.app */ = {isa = PBXFileReference; explicitFileType = wrapper.application; includeInIndex = 0; path = iOS_Avanzado_Alvaro.app; sourceTree = BUILT_PRODUCTS_DIR; };
		677796152DA3D8E400103334 /* iOS_Avanzado_AlvaroTests.xctest */ = {isa = PBXFileReference; explicitFileType = wrapper.cfbundle; includeInIndex = 0; path = iOS_Avanzado_AlvaroTests.xctest; sourceTree = BUILT_PRODUCTS_DIR; };
		6777961F2DA3D8E400103334 /* iOS_Avanzado_AlvaroUITests.xctest */ = {isa = PBXFileReference; explicitFileType = wrapper.cfbundle; includeInIndex = 0; path = iOS_Avanzado_AlvaroUITests.xctest; sourceTree = BUILT_PRODUCTS_DIR; };
		677796332DA3D96100103334 /* AppDelegate.swift */ = {isa = PBXFileReference; lastKnownFileType = sourcecode.swift; path = AppDelegate.swift; sourceTree = "<group>"; };
		677796342DA3D96100103334 /* Assets.xcassets */ = {isa = PBXFileReference; lastKnownFileType = folder.assetcatalog; path = Assets.xcassets; sourceTree = "<group>"; };
		677796352DA3D96100103334 /* Info.plist */ = {isa = PBXFileReference; lastKnownFileType = text.plist.xml; path = Info.plist; sourceTree = "<group>"; };
		677796362DA3D96100103334 /* Base */ = {isa = PBXFileReference; lastKnownFileType = file.storyboard; name = Base; path = Base.lproj/LaunchScreen.storyboard; sourceTree = "<group>"; };
		677796382DA3D96100103334 /* SceneDelegate.swift */ = {isa = PBXFileReference; lastKnownFileType = sourcecode.swift; path = SceneDelegate.swift; sourceTree = "<group>"; };
		677796482DA3E0C000103334 /* SplashController.xib */ = {isa = PBXFileReference; lastKnownFileType = file.xib; path = SplashController.xib; sourceTree = "<group>"; };
		6777964A2DA3E0C800103334 /* SplashController.swift */ = {isa = PBXFileReference; lastKnownFileType = sourcecode.swift; path = SplashController.swift; sourceTree = "<group>"; };
		677796502DA3E37300103334 /* MOHero.swift */ = {isa = PBXFileReference; lastKnownFileType = sourcecode.swift; path = MOHero.swift; sourceTree = "<group>"; };
		677796522DA3E37700103334 /* MOHeroLocation.swift */ = {isa = PBXFileReference; lastKnownFileType = sourcecode.swift; path = MOHeroLocation.swift; sourceTree = "<group>"; };
		677796542DA3E37D00103334 /* StoreSwiftDataProvider.swift */ = {isa = PBXFileReference; lastKnownFileType = sourcecode.swift; path = StoreSwiftDataProvider.swift; sourceTree = "<group>"; };
		677796572DA3EE5000103334 /* RequestBuilder.swift */ = {isa = PBXFileReference; lastKnownFileType = sourcecode.swift; path = RequestBuilder.swift; sourceTree = "<group>"; };
		677796592DA3EE5700103334 /* ApiProvider.swift */ = {isa = PBXFileReference; lastKnownFileType = sourcecode.swift; path = ApiProvider.swift; sourceTree = "<group>"; };
		6777965B2DA3EE5A00103334 /* GAFError.swift */ = {isa = PBXFileReference; lastKnownFileType = sourcecode.swift; path = GAFError.swift; sourceTree = "<group>"; };
		6777965D2DA3EE7000103334 /* GAFEndopoint.swift */ = {isa = PBXFileReference; lastKnownFileType = sourcecode.swift; path = GAFEndopoint.swift; sourceTree = "<group>"; };
		6777965F2DA3EE7600103334 /* APIHero.swift */ = {isa = PBXFileReference; lastKnownFileType = sourcecode.swift; path = APIHero.swift; sourceTree = "<group>"; };
		677796612DA3EE7C00103334 /* APIHeroLocation.swift */ = {isa = PBXFileReference; lastKnownFileType = sourcecode.swift; path = APIHeroLocation.swift; sourceTree = "<group>"; };
		677796632DA3F02600103334 /* SecureDataProvider.swift */ = {isa = PBXFileReference; lastKnownFileType = sourcecode.swift; path = SecureDataProvider.swift; sourceTree = "<group>"; };
		677796692DA451C000103334 /* SplashBuilder.swift */ = {isa = PBXFileReference; lastKnownFileType = sourcecode.swift; path = SplashBuilder.swift; sourceTree = "<group>"; };
		6777966B2DA451C700103334 /* SplashViewModel.swift */ = {isa = PBXFileReference; lastKnownFileType = sourcecode.swift; path = SplashViewModel.swift; sourceTree = "<group>"; };
		6777966F2DA453FE00103334 /* LoginController.swift */ = {isa = PBXFileReference; lastKnownFileType = sourcecode.swift; path = LoginController.swift; sourceTree = "<group>"; };
		677796702DA453FE00103334 /* LoginController.xib */ = {isa = PBXFileReference; lastKnownFileType = file.xib; path = LoginController.xib; sourceTree = "<group>"; };
		677796732DA455EE00103334 /* Binding.swift */ = {isa = PBXFileReference; lastKnownFileType = sourcecode.swift; path = Binding.swift; sourceTree = "<group>"; };
		677796E62DA4582800103334 /* LoginUseCase.swift */ = {isa = PBXFileReference; lastKnownFileType = sourcecode.swift; path = LoginUseCase.swift; sourceTree = "<group>"; };
		677796E82DA46F6C00103334 /* LoginResponseDTO.swift */ = {isa = PBXFileReference; lastKnownFileType = sourcecode.swift; path = LoginResponseDTO.swift; sourceTree = "<group>"; };
		677796EA2DA4741E00103334 /* LoginViewModel.swift */ = {isa = PBXFileReference; lastKnownFileType = sourcecode.swift; path = LoginViewModel.swift; sourceTree = "<group>"; };
		677796EC2DA4769700103334 /* LoginBuilder.swift */ = {isa = PBXFileReference; lastKnownFileType = sourcecode.swift; path = LoginBuilder.swift; sourceTree = "<group>"; };
/* End PBXFileReference section */

/* Begin PBXFileSystemSynchronizedRootGroup section */
		677796182DA3D8E400103334 /* iOS_Avanzado_AlvaroTests */ = {
			isa = PBXFileSystemSynchronizedRootGroup;
			path = iOS_Avanzado_AlvaroTests;
			sourceTree = "<group>";
		};
		677796222DA3D8E400103334 /* iOS_Avanzado_AlvaroUITests */ = {
			isa = PBXFileSystemSynchronizedRootGroup;
			path = iOS_Avanzado_AlvaroUITests;
			sourceTree = "<group>";
		};
/* End PBXFileSystemSynchronizedRootGroup section */

/* Begin PBXFrameworksBuildPhase section */
		677795FC2DA3D8E400103334 /* Frameworks */ = {
			isa = PBXFrameworksBuildPhase;
			buildActionMask = 2147483647;
			files = (
				677796682DA3F22000103334 /* KeychainSwift in Frameworks */,
			);
			runOnlyForDeploymentPostprocessing = 0;
		};
		677796122DA3D8E400103334 /* Frameworks */ = {
			isa = PBXFrameworksBuildPhase;
			buildActionMask = 2147483647;
			files = (
			);
			runOnlyForDeploymentPostprocessing = 0;
		};
		6777961C2DA3D8E400103334 /* Frameworks */ = {
			isa = PBXFrameworksBuildPhase;
			buildActionMask = 2147483647;
			files = (
			);
			runOnlyForDeploymentPostprocessing = 0;
		};
/* End PBXFrameworksBuildPhase section */

/* Begin PBXGroup section */
		673875562DA67C20002434D0 /* HeroesDetail */ = {
			isa = PBXGroup;
			children = (
				6738755F2DA687E5002434D0 /* Views */,
				673875662DA6949C002434D0 /* HeroDetailBuilder.swift */,
				673875642DA68885002434D0 /* HeroDetailViewModel.swift */,
				673875572DA67C70002434D0 /* HeroDetailController.swift */,
				673875582DA67C70002434D0 /* HeroDetailController.xib */,
			);
			path = HeroesDetail;
			sourceTree = "<group>";
		};
		6738755F2DA687E5002434D0 /* Views */ = {
			isa = PBXGroup;
			children = (
				673875602DA687EB002434D0 /* HeroAnnotation.swift */,
				673875622DA687F4002434D0 /* HeroAnnotationView.swift */,
			);
			path = Views;
			sourceTree = "<group>";
		};
		674FB94A2DA52F9A005ED563 /* UseCases */ = {
			isa = PBXGroup;
			children = (
				6738755D2DA67D58002434D0 /* HeroDetailUseCase.swift */,
				674FB9482DA52B30005ED563 /* HeroesUseCase.swift */,
				677796E62DA4582800103334 /* LoginUseCase.swift */,
			);
			path = UseCases;
			sourceTree = "<group>";
		};
		674FB94B2DA52FA1005ED563 /* Models */ = {
			isa = PBXGroup;
			children = (
				674FB94C2DA52FAC005ED563 /* Hero.swift */,
				674FB94E2DA52FB0005ED563 /* HeroLocation.swift */,
			);
			path = Models;
			sourceTree = "<group>";
		};
		674FB9522DA537C6005ED563 /* Views */ = {
			isa = PBXGroup;
			children = (
				674FB9532DA53805005ED563 /* HeroCell.swift */,
				674FB9542DA53805005ED563 /* HeroCell.xib */,
			);
			path = Views;
			sourceTree = "<group>";
		};
		677795F62DA3D8E400103334 = {
			isa = PBXGroup;
			children = (
				677796392DA3D96100103334 /* iOS_Avanzado_Alvaro */,
				677796182DA3D8E400103334 /* iOS_Avanzado_AlvaroTests */,
				677796222DA3D8E400103334 /* iOS_Avanzado_AlvaroUITests */,
				677796002DA3D8E400103334 /* Products */,
			);
			sourceTree = "<group>";
		};
		677796002DA3D8E400103334 /* Products */ = {
			isa = PBXGroup;
			children = (
				677795FF2DA3D8E400103334 /* iOS_Avanzado_Alvaro.app */,
				677796152DA3D8E400103334 /* iOS_Avanzado_AlvaroTests.xctest */,
				6777961F2DA3D8E400103334 /* iOS_Avanzado_AlvaroUITests.xctest */,
			);
			name = Products;
			sourceTree = "<group>";
		};
		677796392DA3D96100103334 /* iOS_Avanzado_Alvaro */ = {
			isa = PBXGroup;
			children = (
				6777964E2DA3E15E00103334 /* Data */,
				677796632DA3F02600103334 /* SecureDataProvider.swift */,
				6777964D2DA3E15900103334 /* Networking */,
				6777964C2DA3E15400103334 /* Domain */,
				6777963F2DA3E05200103334 /* Presentation */,
				677796332DA3D96100103334 /* AppDelegate.swift */,
				677796342DA3D96100103334 /* Assets.xcassets */,
				677796352DA3D96100103334 /* Info.plist */,
				677796372DA3D96100103334 /* LaunchScreen.storyboard */,
				677796382DA3D96100103334 /* SceneDelegate.swift */,
			);
			path = iOS_Avanzado_Alvaro;
			sourceTree = "<group>";
		};
		6777963F2DA3E05200103334 /* Presentation */ = {
			isa = PBXGroup;
			children = (
				673875562DA67C20002434D0 /* HeroesDetail */,
				677796EE2DA477CD00103334 /* Heroes */,
				6777966E2DA453D100103334 /* Login */,
				6777966D2DA4539400103334 /* Splash */,
				677796732DA455EE00103334 /* Binding.swift */,
			);
			path = Presentation;
			sourceTree = "<group>";
		};
		6777964C2DA3E15400103334 /* Domain */ = {
			isa = PBXGroup;
			children = (
				674FB94B2DA52FA1005ED563 /* Models */,
				674FB94A2DA52F9A005ED563 /* UseCases */,
			);
			path = Domain;
			sourceTree = "<group>";
		};
		6777964D2DA3E15900103334 /* Networking */ = {
			isa = PBXGroup;
			children = (
				677796572DA3EE5000103334 /* RequestBuilder.swift */,
				677796592DA3EE5700103334 /* ApiProvider.swift */,
				6777965B2DA3EE5A00103334 /* GAFError.swift */,
				6777965D2DA3EE7000103334 /* GAFEndopoint.swift */,
			);
			path = Networking;
			sourceTree = "<group>";
		};
		6777964E2DA3E15E00103334 /* Data */ = {
			isa = PBXGroup;
			children = (
				6777964F2DA3E35A00103334 /* Swift Data */,
				677796562DA3EE3000103334 /* ApiModel */,
			);
			path = Data;
			sourceTree = "<group>";
		};
		6777964F2DA3E35A00103334 /* Swift Data */ = {
			isa = PBXGroup;
			children = (
				677796502DA3E37300103334 /* MOHero.swift */,
				677796522DA3E37700103334 /* MOHeroLocation.swift */,
				677796542DA3E37D00103334 /* StoreSwiftDataProvider.swift */,
			);
			path = "Swift Data";
			sourceTree = "<group>";
		};
		677796562DA3EE3000103334 /* ApiModel */ = {
			isa = PBXGroup;
			children = (
				677796E82DA46F6C00103334 /* LoginResponseDTO.swift */,
				6777965F2DA3EE7600103334 /* APIHero.swift */,
				677796612DA3EE7C00103334 /* APIHeroLocation.swift */,
			);
			path = ApiModel;
			sourceTree = "<group>";
		};
		6777966D2DA4539400103334 /* Splash */ = {
			isa = PBXGroup;
			children = (
				6777966B2DA451C700103334 /* SplashViewModel.swift */,
				677796692DA451C000103334 /* SplashBuilder.swift */,
				677796482DA3E0C000103334 /* SplashController.xib */,
				6777964A2DA3E0C800103334 /* SplashController.swift */,
			);
			path = Splash;
			sourceTree = "<group>";
		};
		6777966E2DA453D100103334 /* Login */ = {
			isa = PBXGroup;
			children = (
				677796EC2DA4769700103334 /* LoginBuilder.swift */,
				677796EA2DA4741E00103334 /* LoginViewModel.swift */,
				6777966F2DA453FE00103334 /* LoginController.swift */,
				677796702DA453FE00103334 /* LoginController.xib */,
			);
			path = Login;
			sourceTree = "<group>";
		};
		677796EE2DA477CD00103334 /* Heroes */ = {
			isa = PBXGroup;
			children = (
				674FB9522DA537C6005ED563 /* Views */,
				673875542DA67977002434D0 /* HeroesBuilder.swift */,
				674FB9502DA536EC005ED563 /* HeroesViewModel.swift */,
				674FB9402DA51D8C005ED563 /* HeroesController.swift */,
				674FB9422DA51DA2005ED563 /* HeroesController.xib */,
			);
			path = Heroes;
			sourceTree = "<group>";
		};
/* End PBXGroup section */

/* Begin PBXNativeTarget section */
		677795FE2DA3D8E400103334 /* iOS_Avanzado_Alvaro */ = {
			isa = PBXNativeTarget;
			buildConfigurationList = 677796282DA3D8E400103334 /* Build configuration list for PBXNativeTarget "iOS_Avanzado_Alvaro" */;
			buildPhases = (
				677795FB2DA3D8E400103334 /* Sources */,
				677795FC2DA3D8E400103334 /* Frameworks */,
				677795FD2DA3D8E400103334 /* Resources */,
			);
			buildRules = (
			);
			dependencies = (
			);
			name = iOS_Avanzado_Alvaro;
			packageProductDependencies = (
				677796672DA3F22000103334 /* KeychainSwift */,
			);
			productName = iOS_Avanzado_Alvaro;
			productReference = 677795FF2DA3D8E400103334 /* iOS_Avanzado_Alvaro.app */;
			productType = "com.apple.product-type.application";
		};
		677796142DA3D8E400103334 /* iOS_Avanzado_AlvaroTests */ = {
			isa = PBXNativeTarget;
			buildConfigurationList = 6777962D2DA3D8E400103334 /* Build configuration list for PBXNativeTarget "iOS_Avanzado_AlvaroTests" */;
			buildPhases = (
				677796112DA3D8E400103334 /* Sources */,
				677796122DA3D8E400103334 /* Frameworks */,
				677796132DA3D8E400103334 /* Resources */,
			);
			buildRules = (
			);
			dependencies = (
				677796172DA3D8E400103334 /* PBXTargetDependency */,
			);
			fileSystemSynchronizedGroups = (
				677796182DA3D8E400103334 /* iOS_Avanzado_AlvaroTests */,
			);
			name = iOS_Avanzado_AlvaroTests;
			packageProductDependencies = (
			);
			productName = iOS_Avanzado_AlvaroTests;
			productReference = 677796152DA3D8E400103334 /* iOS_Avanzado_AlvaroTests.xctest */;
			productType = "com.apple.product-type.bundle.unit-test";
		};
		6777961E2DA3D8E400103334 /* iOS_Avanzado_AlvaroUITests */ = {
			isa = PBXNativeTarget;
			buildConfigurationList = 677796302DA3D8E400103334 /* Build configuration list for PBXNativeTarget "iOS_Avanzado_AlvaroUITests" */;
			buildPhases = (
				6777961B2DA3D8E400103334 /* Sources */,
				6777961C2DA3D8E400103334 /* Frameworks */,
				6777961D2DA3D8E400103334 /* Resources */,
			);
			buildRules = (
			);
			dependencies = (
				677796212DA3D8E400103334 /* PBXTargetDependency */,
			);
			fileSystemSynchronizedGroups = (
				677796222DA3D8E400103334 /* iOS_Avanzado_AlvaroUITests */,
			);
			name = iOS_Avanzado_AlvaroUITests;
			packageProductDependencies = (
			);
			productName = iOS_Avanzado_AlvaroUITests;
			productReference = 6777961F2DA3D8E400103334 /* iOS_Avanzado_AlvaroUITests.xctest */;
			productType = "com.apple.product-type.bundle.ui-testing";
		};
/* End PBXNativeTarget section */

/* Begin PBXProject section */
		677795F72DA3D8E400103334 /* Project object */ = {
			isa = PBXProject;
			attributes = {
				BuildIndependentTargetsInParallel = 1;
				LastSwiftUpdateCheck = 1620;
				LastUpgradeCheck = 1620;
				TargetAttributes = {
					677795FE2DA3D8E400103334 = {
						CreatedOnToolsVersion = 16.2;
					};
					677796142DA3D8E400103334 = {
						CreatedOnToolsVersion = 16.2;
						TestTargetID = 677795FE2DA3D8E400103334;
					};
					6777961E2DA3D8E400103334 = {
						CreatedOnToolsVersion = 16.2;
						TestTargetID = 677795FE2DA3D8E400103334;
					};
				};
			};
			buildConfigurationList = 677795FA2DA3D8E400103334 /* Build configuration list for PBXProject "iOS_Avanzado_Alvaro" */;
			developmentRegion = en;
			hasScannedForEncodings = 0;
			knownRegions = (
				en,
				Base,
			);
			mainGroup = 677795F62DA3D8E400103334;
			minimizedProjectReferenceProxies = 1;
			packageReferences = (
				677796662DA3F22000103334 /* XCRemoteSwiftPackageReference "keychain-swift" */,
			);
			preferredProjectObjectVersion = 77;
			productRefGroup = 677796002DA3D8E400103334 /* Products */;
			projectDirPath = "";
			projectRoot = "";
			targets = (
				677795FE2DA3D8E400103334 /* iOS_Avanzado_Alvaro */,
				677796142DA3D8E400103334 /* iOS_Avanzado_AlvaroTests */,
				6777961E2DA3D8E400103334 /* iOS_Avanzado_AlvaroUITests */,
			);
		};
/* End PBXProject section */

/* Begin PBXResourcesBuildPhase section */
		677795FD2DA3D8E400103334 /* Resources */ = {
			isa = PBXResourcesBuildPhase;
			buildActionMask = 2147483647;
			files = (
				677796712DA453FE00103334 /* LoginController.xib in Resources */,
				674FB9562DA53805005ED563 /* HeroCell.xib in Resources */,
				6777963A2DA3D96100103334 /* Assets.xcassets in Resources */,
				674FB9432DA51DA2005ED563 /* HeroesController.xib in Resources */,
				6777963C2DA3D96100103334 /* LaunchScreen.storyboard in Resources */,
				6738755A2DA67C70002434D0 /* HeroDetailController.xib in Resources */,
				677796492DA3E0C000103334 /* SplashController.xib in Resources */,
			);
			runOnlyForDeploymentPostprocessing = 0;
		};
		677796132DA3D8E400103334 /* Resources */ = {
			isa = PBXResourcesBuildPhase;
			buildActionMask = 2147483647;
			files = (
			);
			runOnlyForDeploymentPostprocessing = 0;
		};
		6777961D2DA3D8E400103334 /* Resources */ = {
			isa = PBXResourcesBuildPhase;
			buildActionMask = 2147483647;
			files = (
			);
			runOnlyForDeploymentPostprocessing = 0;
		};
/* End PBXResourcesBuildPhase section */

/* Begin PBXSourcesBuildPhase section */
		677795FB2DA3D8E400103334 /* Sources */ = {
			isa = PBXSourcesBuildPhase;
			buildActionMask = 2147483647;
			files = (
				6777966C2DA451CB00103334 /* SplashViewModel.swift in Sources */,
				677796602DA3EE7900103334 /* APIHero.swift in Sources */,
				677796582DA3EE5000103334 /* RequestBuilder.swift in Sources */,
				6777965A2DA3EE5700103334 /* ApiProvider.swift in Sources */,
				6777963D2DA3D96100103334 /* AppDelegate.swift in Sources */,
				674FB9492DA52B33005ED563 /* HeroesUseCase.swift in Sources */,
				674FB9412DA51D90005ED563 /* HeroesController.swift in Sources */,
				674FB9512DA536EC005ED563 /* HeroesViewModel.swift in Sources */,
				677796EB2DA4741E00103334 /* LoginViewModel.swift in Sources */,
				6777963E2DA3D96100103334 /* SceneDelegate.swift in Sources */,
				677796742DA455F000103334 /* Binding.swift in Sources */,
				673875612DA687EE002434D0 /* HeroAnnotation.swift in Sources */,
				677796552DA3E38800103334 /* StoreSwiftDataProvider.swift in Sources */,
				6738755E2DA67D5C002434D0 /* HeroDetailUseCase.swift in Sources */,
				674FB94D2DA52FAD005ED563 /* Hero.swift in Sources */,
				677796ED2DA4769700103334 /* LoginBuilder.swift in Sources */,
				6777965C2DA3EE6600103334 /* GAFError.swift in Sources */,
				677796532DA3E37A00103334 /* MOHeroLocation.swift in Sources */,
				6777965E2DA3EE7000103334 /* GAFEndopoint.swift in Sources */,
				677796622DA3EE7E00103334 /* APIHeroLocation.swift in Sources */,
				674FB9552DA53805005ED563 /* HeroCell.swift in Sources */,
				674FB94F2DA52FB5005ED563 /* HeroLocation.swift in Sources */,
				673875672DA694A1002434D0 /* HeroDetailBuilder.swift in Sources */,
				6777964B2DA3E0C800103334 /* SplashController.swift in Sources */,
				673875632DA687F8002434D0 /* HeroAnnotationView.swift in Sources */,
				677796E92DA46F7C00103334 /* LoginResponseDTO.swift in Sources */,
				677796722DA453FE00103334 /* LoginController.swift in Sources */,
				673875552DA6797B002434D0 /* HeroesBuilder.swift in Sources */,
				673875592DA67C70002434D0 /* HeroDetailController.swift in Sources */,
				677796512DA3E37500103334 /* MOHero.swift in Sources */,
				6777966A2DA451C300103334 /* SplashBuilder.swift in Sources */,
				673875652DA68885002434D0 /* HeroDetailViewModel.swift in Sources */,
				677796642DA3F02A00103334 /* SecureDataProvider.swift in Sources */,
				677796E72DA4582B00103334 /* LoginUseCase.swift in Sources */,
			);
			runOnlyForDeploymentPostprocessing = 0;
		};
		677796112DA3D8E400103334 /* Sources */ = {
			isa = PBXSourcesBuildPhase;
			buildActionMask = 2147483647;
			files = (
			);
			runOnlyForDeploymentPostprocessing = 0;
		};
		6777961B2DA3D8E400103334 /* Sources */ = {
			isa = PBXSourcesBuildPhase;
			buildActionMask = 2147483647;
			files = (
			);
			runOnlyForDeploymentPostprocessing = 0;
		};
/* End PBXSourcesBuildPhase section */

/* Begin PBXTargetDependency section */
		677796172DA3D8E400103334 /* PBXTargetDependency */ = {
			isa = PBXTargetDependency;
			target = 677795FE2DA3D8E400103334 /* iOS_Avanzado_Alvaro */;
			targetProxy = 677796162DA3D8E400103334 /* PBXContainerItemProxy */;
		};
		677796212DA3D8E400103334 /* PBXTargetDependency */ = {
			isa = PBXTargetDependency;
			target = 677795FE2DA3D8E400103334 /* iOS_Avanzado_Alvaro */;
			targetProxy = 677796202DA3D8E400103334 /* PBXContainerItemProxy */;
		};
/* End PBXTargetDependency section */

/* Begin PBXVariantGroup section */
		677796372DA3D96100103334 /* LaunchScreen.storyboard */ = {
			isa = PBXVariantGroup;
			children = (
				677796362DA3D96100103334 /* Base */,
			);
			name = LaunchScreen.storyboard;
			sourceTree = "<group>";
		};
/* End PBXVariantGroup section */

/* Begin XCBuildConfiguration section */
		677796292DA3D8E400103334 /* Debug */ = {
			isa = XCBuildConfiguration;
			buildSettings = {
				ASSETCATALOG_COMPILER_APPICON_NAME = AppIcon;
				ASSETCATALOG_COMPILER_GLOBAL_ACCENT_COLOR_NAME = AccentColor;
				CODE_SIGN_STYLE = Automatic;
				CURRENT_PROJECT_VERSION = 1;
				DEVELOPMENT_TEAM = ADCUTL8YP7;
				GENERATE_INFOPLIST_FILE = YES;
				INFOPLIST_FILE = iOS_Avanzado_Alvaro/Info.plist;
				INFOPLIST_KEY_UIApplicationSupportsIndirectInputEvents = YES;
				INFOPLIST_KEY_UILaunchStoryboardName = LaunchScreen;
				INFOPLIST_KEY_UISupportedInterfaceOrientations_iPad = "UIInterfaceOrientationPortrait UIInterfaceOrientationPortraitUpsideDown UIInterfaceOrientationLandscapeLeft UIInterfaceOrientationLandscapeRight";
				INFOPLIST_KEY_UISupportedInterfaceOrientations_iPhone = "UIInterfaceOrientationPortrait UIInterfaceOrientationLandscapeLeft UIInterfaceOrientationLandscapeRight";
				LD_RUNPATH_SEARCH_PATHS = (
					"$(inherited)",
					"@executable_path/Frameworks",
				);
				MARKETING_VERSION = 1.0;
				PRODUCT_BUNDLE_IDENTIFIER = "com.aentrena.iOS-Avanzado-Alvaro";
				PRODUCT_NAME = "$(TARGET_NAME)";
				SWIFT_EMIT_LOC_STRINGS = YES;
				SWIFT_VERSION = 5.0;
				TARGETED_DEVICE_FAMILY = "1,2";
			};
			name = Debug;
		};
		6777962A2DA3D8E400103334 /* Release */ = {
			isa = XCBuildConfiguration;
			buildSettings = {
				ASSETCATALOG_COMPILER_APPICON_NAME = AppIcon;
				ASSETCATALOG_COMPILER_GLOBAL_ACCENT_COLOR_NAME = AccentColor;
				CODE_SIGN_STYLE = Automatic;
				CURRENT_PROJECT_VERSION = 1;
				DEVELOPMENT_TEAM = ADCUTL8YP7;
				GENERATE_INFOPLIST_FILE = YES;
				INFOPLIST_FILE = iOS_Avanzado_Alvaro/Info.plist;
				INFOPLIST_KEY_UIApplicationSupportsIndirectInputEvents = YES;
				INFOPLIST_KEY_UILaunchStoryboardName = LaunchScreen;
				INFOPLIST_KEY_UISupportedInterfaceOrientations_iPad = "UIInterfaceOrientationPortrait UIInterfaceOrientationPortraitUpsideDown UIInterfaceOrientationLandscapeLeft UIInterfaceOrientationLandscapeRight";
				INFOPLIST_KEY_UISupportedInterfaceOrientations_iPhone = "UIInterfaceOrientationPortrait UIInterfaceOrientationLandscapeLeft UIInterfaceOrientationLandscapeRight";
				LD_RUNPATH_SEARCH_PATHS = (
					"$(inherited)",
					"@executable_path/Frameworks",
				);
				MARKETING_VERSION = 1.0;
				PRODUCT_BUNDLE_IDENTIFIER = "com.aentrena.iOS-Avanzado-Alvaro";
				PRODUCT_NAME = "$(TARGET_NAME)";
				SWIFT_EMIT_LOC_STRINGS = YES;
				SWIFT_VERSION = 5.0;
				TARGETED_DEVICE_FAMILY = "1,2";
			};
			name = Release;
		};
		6777962B2DA3D8E400103334 /* Debug */ = {
			isa = XCBuildConfiguration;
			buildSettings = {
				ALWAYS_SEARCH_USER_PATHS = NO;
				ASSETCATALOG_COMPILER_GENERATE_SWIFT_ASSET_SYMBOL_EXTENSIONS = YES;
				CLANG_ANALYZER_NONNULL = YES;
				CLANG_ANALYZER_NUMBER_OBJECT_CONVERSION = YES_AGGRESSIVE;
				CLANG_CXX_LANGUAGE_STANDARD = "gnu++20";
				CLANG_ENABLE_MODULES = YES;
				CLANG_ENABLE_OBJC_ARC = YES;
				CLANG_ENABLE_OBJC_WEAK = YES;
				CLANG_WARN_BLOCK_CAPTURE_AUTORELEASING = YES;
				CLANG_WARN_BOOL_CONVERSION = YES;
				CLANG_WARN_COMMA = YES;
				CLANG_WARN_CONSTANT_CONVERSION = YES;
				CLANG_WARN_DEPRECATED_OBJC_IMPLEMENTATIONS = YES;
				CLANG_WARN_DIRECT_OBJC_ISA_USAGE = YES_ERROR;
				CLANG_WARN_DOCUMENTATION_COMMENTS = YES;
				CLANG_WARN_EMPTY_BODY = YES;
				CLANG_WARN_ENUM_CONVERSION = YES;
				CLANG_WARN_INFINITE_RECURSION = YES;
				CLANG_WARN_INT_CONVERSION = YES;
				CLANG_WARN_NON_LITERAL_NULL_CONVERSION = YES;
				CLANG_WARN_OBJC_IMPLICIT_RETAIN_SELF = YES;
				CLANG_WARN_OBJC_LITERAL_CONVERSION = YES;
				CLANG_WARN_OBJC_ROOT_CLASS = YES_ERROR;
				CLANG_WARN_QUOTED_INCLUDE_IN_FRAMEWORK_HEADER = YES;
				CLANG_WARN_RANGE_LOOP_ANALYSIS = YES;
				CLANG_WARN_STRICT_PROTOTYPES = YES;
				CLANG_WARN_SUSPICIOUS_MOVE = YES;
				CLANG_WARN_UNGUARDED_AVAILABILITY = YES_AGGRESSIVE;
				CLANG_WARN_UNREACHABLE_CODE = YES;
				CLANG_WARN__DUPLICATE_METHOD_MATCH = YES;
				COPY_PHASE_STRIP = NO;
				DEBUG_INFORMATION_FORMAT = dwarf;
				ENABLE_STRICT_OBJC_MSGSEND = YES;
				ENABLE_TESTABILITY = YES;
				ENABLE_USER_SCRIPT_SANDBOXING = YES;
				GCC_C_LANGUAGE_STANDARD = gnu17;
				GCC_DYNAMIC_NO_PIC = NO;
				GCC_NO_COMMON_BLOCKS = YES;
				GCC_OPTIMIZATION_LEVEL = 0;
				GCC_PREPROCESSOR_DEFINITIONS = (
					"DEBUG=1",
					"$(inherited)",
				);
				GCC_WARN_64_TO_32_BIT_CONVERSION = YES;
				GCC_WARN_ABOUT_RETURN_TYPE = YES_ERROR;
				GCC_WARN_UNDECLARED_SELECTOR = YES;
				GCC_WARN_UNINITIALIZED_AUTOS = YES_AGGRESSIVE;
				GCC_WARN_UNUSED_FUNCTION = YES;
				GCC_WARN_UNUSED_VARIABLE = YES;
				IPHONEOS_DEPLOYMENT_TARGET = 18.2;
				LOCALIZATION_PREFERS_STRING_CATALOGS = YES;
				MTL_ENABLE_DEBUG_INFO = INCLUDE_SOURCE;
				MTL_FAST_MATH = YES;
				ONLY_ACTIVE_ARCH = YES;
				SDKROOT = iphoneos;
				SWIFT_ACTIVE_COMPILATION_CONDITIONS = "DEBUG $(inherited)";
				SWIFT_OPTIMIZATION_LEVEL = "-Onone";
			};
			name = Debug;
		};
		6777962C2DA3D8E400103334 /* Release */ = {
			isa = XCBuildConfiguration;
			buildSettings = {
				ALWAYS_SEARCH_USER_PATHS = NO;
				ASSETCATALOG_COMPILER_GENERATE_SWIFT_ASSET_SYMBOL_EXTENSIONS = YES;
				CLANG_ANALYZER_NONNULL = YES;
				CLANG_ANALYZER_NUMBER_OBJECT_CONVERSION = YES_AGGRESSIVE;
				CLANG_CXX_LANGUAGE_STANDARD = "gnu++20";
				CLANG_ENABLE_MODULES = YES;
				CLANG_ENABLE_OBJC_ARC = YES;
				CLANG_ENABLE_OBJC_WEAK = YES;
				CLANG_WARN_BLOCK_CAPTURE_AUTORELEASING = YES;
				CLANG_WARN_BOOL_CONVERSION = YES;
				CLANG_WARN_COMMA = YES;
				CLANG_WARN_CONSTANT_CONVERSION = YES;
				CLANG_WARN_DEPRECATED_OBJC_IMPLEMENTATIONS = YES;
				CLANG_WARN_DIRECT_OBJC_ISA_USAGE = YES_ERROR;
				CLANG_WARN_DOCUMENTATION_COMMENTS = YES;
				CLANG_WARN_EMPTY_BODY = YES;
				CLANG_WARN_ENUM_CONVERSION = YES;
				CLANG_WARN_INFINITE_RECURSION = YES;
				CLANG_WARN_INT_CONVERSION = YES;
				CLANG_WARN_NON_LITERAL_NULL_CONVERSION = YES;
				CLANG_WARN_OBJC_IMPLICIT_RETAIN_SELF = YES;
				CLANG_WARN_OBJC_LITERAL_CONVERSION = YES;
				CLANG_WARN_OBJC_ROOT_CLASS = YES_ERROR;
				CLANG_WARN_QUOTED_INCLUDE_IN_FRAMEWORK_HEADER = YES;
				CLANG_WARN_RANGE_LOOP_ANALYSIS = YES;
				CLANG_WARN_STRICT_PROTOTYPES = YES;
				CLANG_WARN_SUSPICIOUS_MOVE = YES;
				CLANG_WARN_UNGUARDED_AVAILABILITY = YES_AGGRESSIVE;
				CLANG_WARN_UNREACHABLE_CODE = YES;
				CLANG_WARN__DUPLICATE_METHOD_MATCH = YES;
				COPY_PHASE_STRIP = NO;
				DEBUG_INFORMATION_FORMAT = "dwarf-with-dsym";
				ENABLE_NS_ASSERTIONS = NO;
				ENABLE_STRICT_OBJC_MSGSEND = YES;
				ENABLE_USER_SCRIPT_SANDBOXING = YES;
				GCC_C_LANGUAGE_STANDARD = gnu17;
				GCC_NO_COMMON_BLOCKS = YES;
				GCC_WARN_64_TO_32_BIT_CONVERSION = YES;
				GCC_WARN_ABOUT_RETURN_TYPE = YES_ERROR;
				GCC_WARN_UNDECLARED_SELECTOR = YES;
				GCC_WARN_UNINITIALIZED_AUTOS = YES_AGGRESSIVE;
				GCC_WARN_UNUSED_FUNCTION = YES;
				GCC_WARN_UNUSED_VARIABLE = YES;
				IPHONEOS_DEPLOYMENT_TARGET = 18.2;
				LOCALIZATION_PREFERS_STRING_CATALOGS = YES;
				MTL_ENABLE_DEBUG_INFO = NO;
				MTL_FAST_MATH = YES;
				SDKROOT = iphoneos;
				SWIFT_COMPILATION_MODE = wholemodule;
				VALIDATE_PRODUCT = YES;
			};
			name = Release;
		};
		6777962E2DA3D8E400103334 /* Debug */ = {
			isa = XCBuildConfiguration;
			buildSettings = {
				BUNDLE_LOADER = "$(TEST_HOST)";
				CODE_SIGN_STYLE = Automatic;
				CURRENT_PROJECT_VERSION = 1;
				DEVELOPMENT_TEAM = ADCUTL8YP7;
				GENERATE_INFOPLIST_FILE = YES;
				IPHONEOS_DEPLOYMENT_TARGET = 18.2;
				MARKETING_VERSION = 1.0;
				PRODUCT_BUNDLE_IDENTIFIER = "com.aentrena.iOS-Avanzado-AlvaroTests";
				PRODUCT_NAME = "$(TARGET_NAME)";
				SWIFT_EMIT_LOC_STRINGS = NO;
				SWIFT_VERSION = 5.0;
				TARGETED_DEVICE_FAMILY = "1,2";
				TEST_HOST = "$(BUILT_PRODUCTS_DIR)/iOS_Avanzado_Alvaro.app/$(BUNDLE_EXECUTABLE_FOLDER_PATH)/iOS_Avanzado_Alvaro";
			};
			name = Debug;
		};
		6777962F2DA3D8E400103334 /* Release */ = {
			isa = XCBuildConfiguration;
			buildSettings = {
				BUNDLE_LOADER = "$(TEST_HOST)";
				CODE_SIGN_STYLE = Automatic;
				CURRENT_PROJECT_VERSION = 1;
				DEVELOPMENT_TEAM = ADCUTL8YP7;
				GENERATE_INFOPLIST_FILE = YES;
				IPHONEOS_DEPLOYMENT_TARGET = 18.2;
				MARKETING_VERSION = 1.0;
				PRODUCT_BUNDLE_IDENTIFIER = "com.aentrena.iOS-Avanzado-AlvaroTests";
				PRODUCT_NAME = "$(TARGET_NAME)";
				SWIFT_EMIT_LOC_STRINGS = NO;
				SWIFT_VERSION = 5.0;
				TARGETED_DEVICE_FAMILY = "1,2";
				TEST_HOST = "$(BUILT_PRODUCTS_DIR)/iOS_Avanzado_Alvaro.app/$(BUNDLE_EXECUTABLE_FOLDER_PATH)/iOS_Avanzado_Alvaro";
			};
			name = Release;
		};
		677796312DA3D8E400103334 /* Debug */ = {
			isa = XCBuildConfiguration;
			buildSettings = {
				CODE_SIGN_STYLE = Automatic;
				CURRENT_PROJECT_VERSION = 1;
				DEVELOPMENT_TEAM = ADCUTL8YP7;
				GENERATE_INFOPLIST_FILE = YES;
				MARKETING_VERSION = 1.0;
				PRODUCT_BUNDLE_IDENTIFIER = "com.aentrena.iOS-Avanzado-AlvaroUITests";
				PRODUCT_NAME = "$(TARGET_NAME)";
				SWIFT_EMIT_LOC_STRINGS = NO;
				SWIFT_VERSION = 5.0;
				TARGETED_DEVICE_FAMILY = "1,2";
				TEST_TARGET_NAME = iOS_Avanzado_Alvaro;
			};
			name = Debug;
		};
		677796322DA3D8E400103334 /* Release */ = {
			isa = XCBuildConfiguration;
			buildSettings = {
				CODE_SIGN_STYLE = Automatic;
				CURRENT_PROJECT_VERSION = 1;
				DEVELOPMENT_TEAM = ADCUTL8YP7;
				GENERATE_INFOPLIST_FILE = YES;
				MARKETING_VERSION = 1.0;
				PRODUCT_BUNDLE_IDENTIFIER = "com.aentrena.iOS-Avanzado-AlvaroUITests";
				PRODUCT_NAME = "$(TARGET_NAME)";
				SWIFT_EMIT_LOC_STRINGS = NO;
				SWIFT_VERSION = 5.0;
				TARGETED_DEVICE_FAMILY = "1,2";
				TEST_TARGET_NAME = iOS_Avanzado_Alvaro;
			};
			name = Release;
		};
/* End XCBuildConfiguration section */

/* Begin XCConfigurationList section */
		677795FA2DA3D8E400103334 /* Build configuration list for PBXProject "iOS_Avanzado_Alvaro" */ = {
			isa = XCConfigurationList;
			buildConfigurations = (
				6777962B2DA3D8E400103334 /* Debug */,
				6777962C2DA3D8E400103334 /* Release */,
			);
			defaultConfigurationIsVisible = 0;
			defaultConfigurationName = Release;
		};
		677796282DA3D8E400103334 /* Build configuration list for PBXNativeTarget "iOS_Avanzado_Alvaro" */ = {
			isa = XCConfigurationList;
			buildConfigurations = (
				677796292DA3D8E400103334 /* Debug */,
				6777962A2DA3D8E400103334 /* Release */,
			);
			defaultConfigurationIsVisible = 0;
			defaultConfigurationName = Release;
		};
		6777962D2DA3D8E400103334 /* Build configuration list for PBXNativeTarget "iOS_Avanzado_AlvaroTests" */ = {
			isa = XCConfigurationList;
			buildConfigurations = (
				6777962E2DA3D8E400103334 /* Debug */,
				6777962F2DA3D8E400103334 /* Release */,
			);
			defaultConfigurationIsVisible = 0;
			defaultConfigurationName = Release;
		};
		677796302DA3D8E400103334 /* Build configuration list for PBXNativeTarget "iOS_Avanzado_AlvaroUITests" */ = {
			isa = XCConfigurationList;
			buildConfigurations = (
				677796312DA3D8E400103334 /* Debug */,
				677796322DA3D8E400103334 /* Release */,
			);
			defaultConfigurationIsVisible = 0;
			defaultConfigurationName = Release;
		};
/* End XCConfigurationList section */

/* Begin XCRemoteSwiftPackageReference section */
		677796662DA3F22000103334 /* XCRemoteSwiftPackageReference "keychain-swift" */ = {
			isa = XCRemoteSwiftPackageReference;
			repositoryURL = "https://github.com/evgenyneu/keychain-swift";
			requirement = {
				kind = upToNextMajorVersion;
				minimumVersion = 24.0.0;
			};
		};
/* End XCRemoteSwiftPackageReference section */

/* Begin XCSwiftPackageProductDependency section */
		677796672DA3F22000103334 /* KeychainSwift */ = {
			isa = XCSwiftPackageProductDependency;
			package = 677796662DA3F22000103334 /* XCRemoteSwiftPackageReference "keychain-swift" */;
			productName = KeychainSwift;
		};
/* End XCSwiftPackageProductDependency section */
	};
	rootObject = 677795F72DA3D8E400103334 /* Project object */;
}
